// !$*UTF8*$!
{
	archiveVersion = 1;
	classes = {
	};
	objectVersion = 46;
	objects = {

/* Begin PBXBuildFile section */
		8124189717217C8700C995FB /* paletteDB.xcdatamodeld in Sources */ = {isa = PBXBuildFile; fileRef = 8124189517217C8700C995FB /* paletteDB.xcdatamodeld */; };
		812418D617217F0800C995FB /* Palettes+Saved.m in Sources */ = {isa = PBXBuildFile; fileRef = 812418D517217F0800C995FB /* Palettes+Saved.m */; };
		812418D917217F2300C995FB /* Colors+Saved.m in Sources */ = {isa = PBXBuildFile; fileRef = 812418D817217F2300C995FB /* Colors+Saved.m */; };
		816917671721C751002F4BF6 /* Colors.m in Sources */ = {isa = PBXBuildFile; fileRef = 816917661721C751002F4BF6 /* Colors.m */; };
		81C9229E171BD74200A41A55 /* UIKit.framework in Frameworks */ = {isa = PBXBuildFile; fileRef = 81C9229D171BD74200A41A55 /* UIKit.framework */; };
		81C922A0171BD74200A41A55 /* Foundation.framework in Frameworks */ = {isa = PBXBuildFile; fileRef = 81C9229F171BD74200A41A55 /* Foundation.framework */; };
		81C922A2171BD74200A41A55 /* CoreGraphics.framework in Frameworks */ = {isa = PBXBuildFile; fileRef = 81C922A1171BD74200A41A55 /* CoreGraphics.framework */; };
		81C922A8171BD74200A41A55 /* InfoPlist.strings in Resources */ = {isa = PBXBuildFile; fileRef = 81C922A6171BD74200A41A55 /* InfoPlist.strings */; };
		81C922AA171BD74200A41A55 /* main.m in Sources */ = {isa = PBXBuildFile; fileRef = 81C922A9171BD74200A41A55 /* main.m */; };
		81C922AE171BD74200A41A55 /* CTAppDelegate.m in Sources */ = {isa = PBXBuildFile; fileRef = 81C922AD171BD74200A41A55 /* CTAppDelegate.m */; };
		81C922B0171BD74200A41A55 /* Default.png in Resources */ = {isa = PBXBuildFile; fileRef = 81C922AF171BD74200A41A55 /* Default.png */; };
		81C922B2171BD74200A41A55 /* Default@2x.png in Resources */ = {isa = PBXBuildFile; fileRef = 81C922B1171BD74200A41A55 /* Default@2x.png */; };
		81C922B4171BD74200A41A55 /* Default-568h@2x.png in Resources */ = {isa = PBXBuildFile; fileRef = 81C922B3171BD74200A41A55 /* Default-568h@2x.png */; };
		81C922B7171BD74200A41A55 /* MainStoryboard.storyboard in Resources */ = {isa = PBXBuildFile; fileRef = 81C922B5171BD74200A41A55 /* MainStoryboard.storyboard */; };
		81C922BA171BD74200A41A55 /* CTViewController.m in Sources */ = {isa = PBXBuildFile; fileRef = 81C922B9171BD74200A41A55 /* CTViewController.m */; };
		81E429F717219F0100A0A427 /* CTPaletteTVC.m in Sources */ = {isa = PBXBuildFile; fileRef = 81E429F617219F0100A0A427 /* CTPaletteTVC.m */; };
		81E42A001721AC4900A0A427 /* Palettes.m in Sources */ = {isa = PBXBuildFile; fileRef = 81E429FF1721AC4900A0A427 /* Palettes.m */; };
		81E42A051721B53B00A0A427 /* CoreData.framework in Frameworks */ = {isa = PBXBuildFile; fileRef = 81E42A041721B53B00A0A427 /* CoreData.framework */; };
		F8AE93D61725A09A00A7FCDF /* CameraViewController.m in Sources */ = {isa = PBXBuildFile; fileRef = F8AE93D51725A09A00A7FCDF /* CameraViewController.m */; };
/* End PBXBuildFile section */

/* Begin PBXFileReference section */
		8124189617217C8700C995FB /* paletteDB.xcdatamodel */ = {isa = PBXFileReference; lastKnownFileType = wrapper.xcdatamodel; path = paletteDB.xcdatamodel; sourceTree = "<group>"; };
		812418D417217F0800C995FB /* Palettes+Saved.h */ = {isa = PBXFileReference; fileEncoding = 4; lastKnownFileType = sourcecode.c.h; path = "Palettes+Saved.h"; sourceTree = "<group>"; };
		812418D517217F0800C995FB /* Palettes+Saved.m */ = {isa = PBXFileReference; fileEncoding = 4; lastKnownFileType = sourcecode.c.objc; path = "Palettes+Saved.m"; sourceTree = "<group>"; };
		812418D717217F2300C995FB /* Colors+Saved.h */ = {isa = PBXFileReference; fileEncoding = 4; lastKnownFileType = sourcecode.c.h; path = "Colors+Saved.h"; sourceTree = "<group>"; };
		812418D817217F2300C995FB /* Colors+Saved.m */ = {isa = PBXFileReference; fileEncoding = 4; lastKnownFileType = sourcecode.c.objc; path = "Colors+Saved.m"; sourceTree = "<group>"; };
		816917651721C751002F4BF6 /* Colors.h */ = {isa = PBXFileReference; fileEncoding = 4; lastKnownFileType = sourcecode.c.h; path = Colors.h; sourceTree = "<group>"; };
		816917661721C751002F4BF6 /* Colors.m */ = {isa = PBXFileReference; fileEncoding = 4; lastKnownFileType = sourcecode.c.objc; path = Colors.m; sourceTree = "<group>"; };
		81C9229A171BD74200A41A55 /* ColorThief.app */ = {isa = PBXFileReference; explicitFileType = wrapper.application; includeInIndex = 0; path = ColorThief.app; sourceTree = BUILT_PRODUCTS_DIR; };
		81C9229D171BD74200A41A55 /* UIKit.framework */ = {isa = PBXFileReference; lastKnownFileType = wrapper.framework; name = UIKit.framework; path = System/Library/Frameworks/UIKit.framework; sourceTree = SDKROOT; };
		81C9229F171BD74200A41A55 /* Foundation.framework */ = {isa = PBXFileReference; lastKnownFileType = wrapper.framework; name = Foundation.framework; path = System/Library/Frameworks/Foundation.framework; sourceTree = SDKROOT; };
		81C922A1171BD74200A41A55 /* CoreGraphics.framework */ = {isa = PBXFileReference; lastKnownFileType = wrapper.framework; name = CoreGraphics.framework; path = System/Library/Frameworks/CoreGraphics.framework; sourceTree = SDKROOT; };
		81C922A5171BD74200A41A55 /* ColorThief-Info.plist */ = {isa = PBXFileReference; lastKnownFileType = text.plist.xml; path = "ColorThief-Info.plist"; sourceTree = "<group>"; };
		81C922A7171BD74200A41A55 /* en */ = {isa = PBXFileReference; lastKnownFileType = text.plist.strings; name = en; path = en.lproj/InfoPlist.strings; sourceTree = "<group>"; };
		81C922A9171BD74200A41A55 /* main.m */ = {isa = PBXFileReference; lastKnownFileType = sourcecode.c.objc; path = main.m; sourceTree = "<group>"; };
		81C922AB171BD74200A41A55 /* ColorThief-Prefix.pch */ = {isa = PBXFileReference; lastKnownFileType = sourcecode.c.h; path = "ColorThief-Prefix.pch"; sourceTree = "<group>"; };
		81C922AC171BD74200A41A55 /* CTAppDelegate.h */ = {isa = PBXFileReference; lastKnownFileType = sourcecode.c.h; path = CTAppDelegate.h; sourceTree = "<group>"; };
		81C922AD171BD74200A41A55 /* CTAppDelegate.m */ = {isa = PBXFileReference; lastKnownFileType = sourcecode.c.objc; path = CTAppDelegate.m; sourceTree = "<group>"; };
		81C922AF171BD74200A41A55 /* Default.png */ = {isa = PBXFileReference; lastKnownFileType = image.png; path = Default.png; sourceTree = "<group>"; };
		81C922B1171BD74200A41A55 /* Default@2x.png */ = {isa = PBXFileReference; lastKnownFileType = image.png; path = "Default@2x.png"; sourceTree = "<group>"; };
		81C922B3171BD74200A41A55 /* Default-568h@2x.png */ = {isa = PBXFileReference; lastKnownFileType = image.png; path = "Default-568h@2x.png"; sourceTree = "<group>"; };
		81C922B6171BD74200A41A55 /* en */ = {isa = PBXFileReference; lastKnownFileType = file.storyboard; name = en; path = en.lproj/MainStoryboard.storyboard; sourceTree = "<group>"; };
		81C922B8171BD74200A41A55 /* CTViewController.h */ = {isa = PBXFileReference; lastKnownFileType = sourcecode.c.h; path = CTViewController.h; sourceTree = "<group>"; };
		81C922B9171BD74200A41A55 /* CTViewController.m */ = {isa = PBXFileReference; lastKnownFileType = sourcecode.c.objc; path = CTViewController.m; sourceTree = "<group>"; };
		81E429F517219F0100A0A427 /* CTPaletteTVC.h */ = {isa = PBXFileReference; fileEncoding = 4; lastKnownFileType = sourcecode.c.h; path = CTPaletteTVC.h; sourceTree = "<group>"; };
		81E429F617219F0100A0A427 /* CTPaletteTVC.m */ = {isa = PBXFileReference; fileEncoding = 4; lastKnownFileType = sourcecode.c.objc; path = CTPaletteTVC.m; sourceTree = "<group>"; };
		81E429FE1721AC4900A0A427 /* Palettes.h */ = {isa = PBXFileReference; fileEncoding = 4; lastKnownFileType = sourcecode.c.h; path = Palettes.h; sourceTree = "<group>"; };
		81E429FF1721AC4900A0A427 /* Palettes.m */ = {isa = PBXFileReference; fileEncoding = 4; lastKnownFileType = sourcecode.c.objc; path = Palettes.m; sourceTree = "<group>"; };
		81E42A041721B53B00A0A427 /* CoreData.framework */ = {isa = PBXFileReference; lastKnownFileType = wrapper.framework; name = CoreData.framework; path = System/Library/Frameworks/CoreData.framework; sourceTree = SDKROOT; };
		F8AE93D41725A09A00A7FCDF /* CameraViewController.h */ = {isa = PBXFileReference; fileEncoding = 4; lastKnownFileType = sourcecode.c.h; path = CameraViewController.h; sourceTree = "<group>"; };
		F8AE93D51725A09A00A7FCDF /* CameraViewController.m */ = {isa = PBXFileReference; fileEncoding = 4; lastKnownFileType = sourcecode.c.objc; path = CameraViewController.m; sourceTree = "<group>"; };
/* End PBXFileReference section */

/* Begin PBXFrameworksBuildPhase section */
		81C92297171BD74200A41A55 /* Frameworks */ = {
			isa = PBXFrameworksBuildPhase;
			buildActionMask = 2147483647;
			files = (
				81E42A051721B53B00A0A427 /* CoreData.framework in Frameworks */,
				81C9229E171BD74200A41A55 /* UIKit.framework in Frameworks */,
				81C922A0171BD74200A41A55 /* Foundation.framework in Frameworks */,
				81C922A2171BD74200A41A55 /* CoreGraphics.framework in Frameworks */,
			);
			runOnlyForDeploymentPostprocessing = 0;
		};
/* End PBXFrameworksBuildPhase section */

/* Begin PBXGroup section */
		81C92291171BD74200A41A55 = {
			isa = PBXGroup;
			children = (
				81C922A3171BD74200A41A55 /* ColorThief */,
				81C9229C171BD74200A41A55 /* Frameworks */,
				81C9229B171BD74200A41A55 /* Products */,
			);
			sourceTree = "<group>";
		};
		81C9229B171BD74200A41A55 /* Products */ = {
			isa = PBXGroup;
			children = (
				81C9229A171BD74200A41A55 /* ColorThief.app */,
			);
			name = Products;
			sourceTree = "<group>";
		};
		81C9229C171BD74200A41A55 /* Frameworks */ = {
			isa = PBXGroup;
			children = (
				81E42A041721B53B00A0A427 /* CoreData.framework */,
				81C9229D171BD74200A41A55 /* UIKit.framework */,
				81C9229F171BD74200A41A55 /* Foundation.framework */,
				81C922A1171BD74200A41A55 /* CoreGraphics.framework */,
			);
			name = Frameworks;
			sourceTree = "<group>";
		};
		81C922A3171BD74200A41A55 /* ColorThief */ = {
			isa = PBXGroup;
			children = (
				F8AE93D41725A09A00A7FCDF /* CameraViewController.h */,
				F8AE93D51725A09A00A7FCDF /* CameraViewController.m */,
				81E429FE1721AC4900A0A427 /* Palettes.h */,
				81E429FF1721AC4900A0A427 /* Palettes.m */,
				81C922AC171BD74200A41A55 /* CTAppDelegate.h */,
				81C922AD171BD74200A41A55 /* CTAppDelegate.m */,
				81C922B5171BD74200A41A55 /* MainStoryboard.storyboard */,
				81E429F517219F0100A0A427 /* CTPaletteTVC.h */,
				81E429F617219F0100A0A427 /* CTPaletteTVC.m */,
				812418D417217F0800C995FB /* Palettes+Saved.h */,
				812418D517217F0800C995FB /* Palettes+Saved.m */,
				812418D717217F2300C995FB /* Colors+Saved.h */,
				812418D817217F2300C995FB /* Colors+Saved.m */,
				8124189517217C8700C995FB /* paletteDB.xcdatamodeld */,
				816917651721C751002F4BF6 /* Colors.h */,
				816917661721C751002F4BF6 /* Colors.m */,
				81C922B8171BD74200A41A55 /* CTViewController.h */,
				81C922B9171BD74200A41A55 /* CTViewController.m */,
				81C922A4171BD74200A41A55 /* Supporting Files */,
			);
			path = ColorThief;
			sourceTree = "<group>";
		};
		81C922A4171BD74200A41A55 /* Supporting Files */ = {
			isa = PBXGroup;
			children = (
				81C922A5171BD74200A41A55 /* ColorThief-Info.plist */,
				81C922A6171BD74200A41A55 /* InfoPlist.strings */,
				81C922A9171BD74200A41A55 /* main.m */,
				81C922AB171BD74200A41A55 /* ColorThief-Prefix.pch */,
				81C922AF171BD74200A41A55 /* Default.png */,
				81C922B1171BD74200A41A55 /* Default@2x.png */,
				81C922B3171BD74200A41A55 /* Default-568h@2x.png */,
			);
			name = "Supporting Files";
			sourceTree = "<group>";
		};
/* End PBXGroup section */

/* Begin PBXNativeTarget section */
		81C92299171BD74200A41A55 /* ColorThief */ = {
			isa = PBXNativeTarget;
			buildConfigurationList = 81C922BD171BD74200A41A55 /* Build configuration list for PBXNativeTarget "ColorThief" */;
			buildPhases = (
				81C92296171BD74200A41A55 /* Sources */,
				81C92297171BD74200A41A55 /* Frameworks */,
				81C92298171BD74200A41A55 /* Resources */,
			);
			buildRules = (
			);
			dependencies = (
			);
			name = ColorThief;
			productName = ColorThief;
			productReference = 81C9229A171BD74200A41A55 /* ColorThief.app */;
			productType = "com.apple.product-type.application";
		};
/* End PBXNativeTarget section */

/* Begin PBXProject section */
		81C92292171BD74200A41A55 /* Project object */ = {
			isa = PBXProject;
			attributes = {
				CLASSPREFIX = CT;
				LastUpgradeCheck = 0460;
				ORGANIZATIONNAME = "Alex Edison";
			};
			buildConfigurationList = 81C92295171BD74200A41A55 /* Build configuration list for PBXProject "ColorThief" */;
			compatibilityVersion = "Xcode 3.2";
			developmentRegion = English;
			hasScannedForEncodings = 0;
			knownRegions = (
				en,
			);
			mainGroup = 81C92291171BD74200A41A55;
			productRefGroup = 81C9229B171BD74200A41A55 /* Products */;
			projectDirPath = "";
			projectRoot = "";
			targets = (
				81C92299171BD74200A41A55 /* ColorThief */,
			);
		};
/* End PBXProject section */

/* Begin PBXResourcesBuildPhase section */
		81C92298171BD74200A41A55 /* Resources */ = {
			isa = PBXResourcesBuildPhase;
			buildActionMask = 2147483647;
			files = (
				81C922A8171BD74200A41A55 /* InfoPlist.strings in Resources */,
				81C922B0171BD74200A41A55 /* Default.png in Resources */,
				81C922B2171BD74200A41A55 /* Default@2x.png in Resources */,
				81C922B4171BD74200A41A55 /* Default-568h@2x.png in Resources */,
				81C922B7171BD74200A41A55 /* MainStoryboard.storyboard in Resources */,
			);
			runOnlyForDeploymentPostprocessing = 0;
		};
/* End PBXResourcesBuildPhase section */

/* Begin PBXSourcesBuildPhase section */
		81C92296171BD74200A41A55 /* Sources */ = {
			isa = PBXSourcesBuildPhase;
			buildActionMask = 2147483647;
			files = (
				81C922AA171BD74200A41A55 /* main.m in Sources */,
				81C922AE171BD74200A41A55 /* CTAppDelegate.m in Sources */,
				81C922BA171BD74200A41A55 /* CTViewController.m in Sources */,
				8124189717217C8700C995FB /* paletteDB.xcdatamodeld in Sources */,
				812418D617217F0800C995FB /* Palettes+Saved.m in Sources */,
				812418D917217F2300C995FB /* Colors+Saved.m in Sources */,
				81E429F717219F0100A0A427 /* CTPaletteTVC.m in Sources */,
				81E42A001721AC4900A0A427 /* Palettes.m in Sources */,
				816917671721C751002F4BF6 /* Colors.m in Sources */,
				F8AE93D61725A09A00A7FCDF /* CameraViewController.m in Sources */,
			);
			runOnlyForDeploymentPostprocessing = 0;
		};
/* End PBXSourcesBuildPhase section */

/* Begin PBXVariantGroup section */
		81C922A6171BD74200A41A55 /* InfoPlist.strings */ = {
			isa = PBXVariantGroup;
			children = (
				81C922A7171BD74200A41A55 /* en */,
			);
			name = InfoPlist.strings;
			sourceTree = "<group>";
		};
		81C922B5171BD74200A41A55 /* MainStoryboard.storyboard */ = {
			isa = PBXVariantGroup;
			children = (
				81C922B6171BD74200A41A55 /* en */,
			);
			name = MainStoryboard.storyboard;
			sourceTree = "<group>";
		};
/* End PBXVariantGroup section */

/* Begin XCBuildConfiguration section */
		81C922BB171BD74200A41A55 /* Debug */ = {
			isa = XCBuildConfiguration;
			buildSettings = {
				ALWAYS_SEARCH_USER_PATHS = NO;
				CLANG_CXX_LANGUAGE_STANDARD = "gnu++0x";
				CLANG_CXX_LIBRARY = "libc++";
				CLANG_ENABLE_OBJC_ARC = YES;
				CLANG_WARN_CONSTANT_CONVERSION = YES;
				CLANG_WARN_EMPTY_BODY = YES;
				CLANG_WARN_ENUM_CONVERSION = YES;
				CLANG_WARN_INT_CONVERSION = YES;
				CLANG_WARN__DUPLICATE_METHOD_MATCH = YES;
				"CODE_SIGN_IDENTITY[sdk=iphoneos*]" = "iPhone Developer";
				COPY_PHASE_STRIP = NO;
				GCC_C_LANGUAGE_STANDARD = gnu99;
				GCC_DYNAMIC_NO_PIC = NO;
				GCC_OPTIMIZATION_LEVEL = 0;
				GCC_PREPROCESSOR_DEFINITIONS = (
					"DEBUG=1",
					"$(inherited)",
				);
				GCC_SYMBOLS_PRIVATE_EXTERN = NO;
				GCC_WARN_ABOUT_RETURN_TYPE = YES;
				GCC_WARN_UNINITIALIZED_AUTOS = YES;
				GCC_WARN_UNUSED_VARIABLE = YES;
				IPHONEOS_DEPLOYMENT_TARGET = 6.1;
				ONLY_ACTIVE_ARCH = YES;
				SDKROOT = iphoneos;
			};
			name = Debug;
		};
		81C922BC171BD74200A41A55 /* Release */ = {
			isa = XCBuildConfiguration;
			buildSettings = {
				ALWAYS_SEARCH_USER_PATHS = NO;
				CLANG_CXX_LANGUAGE_STANDARD = "gnu++0x";
				CLANG_CXX_LIBRARY = "libc++";
				CLANG_ENABLE_OBJC_ARC = YES;
				CLANG_WARN_CONSTANT_CONVERSION = YES;
				CLANG_WARN_EMPTY_BODY = YES;
				CLANG_WARN_ENUM_CONVERSION = YES;
				CLANG_WARN_INT_CONVERSION = YES;
				CLANG_WARN__DUPLICATE_METHOD_MATCH = YES;
				"CODE_SIGN_IDENTITY[sdk=iphoneos*]" = "iPhone Developer";
				COPY_PHASE_STRIP = YES;
				GCC_C_LANGUAGE_STANDARD = gnu99;
				GCC_WARN_ABOUT_RETURN_TYPE = YES;
				GCC_WARN_UNINITIALIZED_AUTOS = YES;
				GCC_WARN_UNUSED_VARIABLE = YES;
				IPHONEOS_DEPLOYMENT_TARGET = 6.1;
				OTHER_CFLAGS = "-DNS_BLOCK_ASSERTIONS=1";
				SDKROOT = iphoneos;
				VALIDATE_PRODUCT = YES;
			};
			name = Release;
		};
		81C922BE171BD74200A41A55 /* Debug */ = {
			isa = XCBuildConfiguration;
			buildSettings = {
				GCC_PRECOMPILE_PREFIX_HEADER = YES;
				GCC_PREFIX_HEADER = "ColorThief/ColorThief-Prefix.pch";
				INFOPLIST_FILE = "ColorThief/ColorThief-Info.plist";
				PRODUCT_NAME = "$(TARGET_NAME)";
				WRAPPER_EXTENSION = app;
			};
			name = Debug;
		};
		81C922BF171BD74200A41A55 /* Release */ = {
			isa = XCBuildConfiguration;
			buildSettings = {
				GCC_PRECOMPILE_PREFIX_HEADER = YES;
				GCC_PREFIX_HEADER = "ColorThief/ColorThief-Prefix.pch";
				INFOPLIST_FILE = "ColorThief/ColorThief-Info.plist";
				PRODUCT_NAME = "$(TARGET_NAME)";
				WRAPPER_EXTENSION = app;
			};
			name = Release;
		};
/* End XCBuildConfiguration section */

/* Begin XCConfigurationList section */
		81C92295171BD74200A41A55 /* Build configuration list for PBXProject "ColorThief" */ = {
			isa = XCConfigurationList;
			buildConfigurations = (
				81C922BB171BD74200A41A55 /* Debug */,
				81C922BC171BD74200A41A55 /* Release */,
			);
			defaultConfigurationIsVisible = 0;
			defaultConfigurationName = Release;
		};
		81C922BD171BD74200A41A55 /* Build configuration list for PBXNativeTarget "ColorThief" */ = {
			isa = XCConfigurationList;
			buildConfigurations = (
				81C922BE171BD74200A41A55 /* Debug */,
				81C922BF171BD74200A41A55 /* Release */,
			);
			defaultConfigurationIsVisible = 0;
			defaultConfigurationName = Release;
		};
/* End XCConfigurationList section */

/* Begin XCVersionGroup section */
		8124189517217C8700C995FB /* paletteDB.xcdatamodeld */ = {
			isa = XCVersionGroup;
			children = (
				8124189617217C8700C995FB /* paletteDB.xcdatamodel */,
			);
			currentVersion = 8124189617217C8700C995FB /* paletteDB.xcdatamodel */;
			path = paletteDB.xcdatamodeld;
			sourceTree = "<group>";
			versionGroupType = wrapper.xcdatamodel;
		};
/* End XCVersionGroup section */
	};
	rootObject = 81C92292171BD74200A41A55 /* Project object */;
}
